// !$*UTF8*$!
{
	archiveVersion = 1;
	classes = {
	};
	objectVersion = 51;
	objects = {

/* Begin PBXBuildFile section */
		021F1539F20144F23F450166 /* Pods_trainerTeam.framework in Frameworks */ = {isa = PBXBuildFile; fileRef = D4780053164A828D454624A8 /* Pods_trainerTeam.framework */; };
		0A467D2A24441CE400AD5956 /* TabBarController.swift in Sources */ = {isa = PBXBuildFile; fileRef = 0A467D2924441CE400AD5956 /* TabBarController.swift */; };
		0A836E2724809C000034885F /* WorkoutTableIView.swift in Sources */ = {isa = PBXBuildFile; fileRef = 0A836E2624809C000034885F /* WorkoutTableIView.swift */; };
		0A836E2924809C130034885F /* WorkoutTableViewCell.swift in Sources */ = {isa = PBXBuildFile; fileRef = 0A836E2824809C130034885F /* WorkoutTableViewCell.swift */; };
		0ADD725B2454D1B80017D324 /* RunWorkoutViewController.swift in Sources */ = {isa = PBXBuildFile; fileRef = 0ADD725A2454D1B80017D324 /* RunWorkoutViewController.swift */; };
		0ADD725D2454D1E20017D324 /* RunWorkoutViewController.storyboard in Resources */ = {isa = PBXBuildFile; fileRef = 0ADD725C2454D1E20017D324 /* RunWorkoutViewController.storyboard */; };
		0ADD725F2454DA940017D324 /* StoryboardBuilder.swift in Sources */ = {isa = PBXBuildFile; fileRef = 0ADD725E2454DA940017D324 /* StoryboardBuilder.swift */; };
		0AF86F582442966C001498C0 /* AppDelegate.swift in Sources */ = {isa = PBXBuildFile; fileRef = 0AF86F572442966C001498C0 /* AppDelegate.swift */; };
		0AF86F5A2442966C001498C0 /* SceneDelegate.swift in Sources */ = {isa = PBXBuildFile; fileRef = 0AF86F592442966C001498C0 /* SceneDelegate.swift */; };
		0AF86F5C2442966C001498C0 /* HomeViewController.swift in Sources */ = {isa = PBXBuildFile; fileRef = 0AF86F5B2442966C001498C0 /* HomeViewController.swift */; };
		0AF86F5E2442966C001498C0 /* CreateWorkoutViewController.swift in Sources */ = {isa = PBXBuildFile; fileRef = 0AF86F5D2442966C001498C0 /* CreateWorkoutViewController.swift */; };
		0AF86F612442966C001498C0 /* Main.storyboard in Resources */ = {isa = PBXBuildFile; fileRef = 0AF86F5F2442966C001498C0 /* Main.storyboard */; };
		0AF86F632442966D001498C0 /* Assets.xcassets in Resources */ = {isa = PBXBuildFile; fileRef = 0AF86F622442966D001498C0 /* Assets.xcassets */; };
		0AF86F662442966D001498C0 /* LaunchScreen.storyboard in Resources */ = {isa = PBXBuildFile; fileRef = 0AF86F642442966D001498C0 /* LaunchScreen.storyboard */; };
		0AF86F712442966D001498C0 /* trainerTeamTests.swift in Sources */ = {isa = PBXBuildFile; fileRef = 0AF86F702442966D001498C0 /* trainerTeamTests.swift */; };
		0AF86F7C2442966D001498C0 /* trainerTeamUITests.swift in Sources */ = {isa = PBXBuildFile; fileRef = 0AF86F7B2442966D001498C0 /* trainerTeamUITests.swift */; };
		0AF86F8E244299A5001498C0 /* WorkoutSet.swift in Sources */ = {isa = PBXBuildFile; fileRef = 0AF86F8D244299A5001498C0 /* WorkoutSet.swift */; };
		0AF86F90244299B3001498C0 /* Workout.swift in Sources */ = {isa = PBXBuildFile; fileRef = 0AF86F8F244299B3001498C0 /* Workout.swift */; };
		0AF86F9424441035001498C0 /* LastWorkoutSummaryCell.swift in Sources */ = {isa = PBXBuildFile; fileRef = 0AF86F9324441035001498C0 /* LastWorkoutSummaryCell.swift */; };
		0AF86F9624441043001498C0 /* LastWorkoutSummaryCell.xib in Resources */ = {isa = PBXBuildFile; fileRef = 0AF86F9524441043001498C0 /* LastWorkoutSummaryCell.xib */; };
		0AF86F9824441336001498C0 /* GenericTravelCell.swift in Sources */ = {isa = PBXBuildFile; fileRef = 0AF86F9724441336001498C0 /* GenericTravelCell.swift */; };
		0AF86F9D244413DD001498C0 /* GenericTravelCell.xib in Resources */ = {isa = PBXBuildFile; fileRef = 0AF86F9C244413DD001498C0 /* GenericTravelCell.xib */; };
		730AC932E1FDA2A2E4919EA0 /* Pods_trainerTeamUITests.framework in Frameworks */ = {isa = PBXBuildFile; fileRef = 9589D0642E32BAE52AA5BD6F /* Pods_trainerTeamUITests.framework */; };
		FED42AC13A371F4BCEFD8B8F /* Pods_trainerTeamTests.framework in Frameworks */ = {isa = PBXBuildFile; fileRef = 9F846BC2FC2425FB132E9323 /* Pods_trainerTeamTests.framework */; };
/* End PBXBuildFile section */

/* Begin PBXContainerItemProxy section */
		0AF86F6D2442966D001498C0 /* PBXContainerItemProxy */ = {
			isa = PBXContainerItemProxy;
			containerPortal = 0AF86F4C2442966C001498C0 /* Project object */;
			proxyType = 1;
			remoteGlobalIDString = 0AF86F532442966C001498C0;
			remoteInfo = trainerTeam;
		};
		0AF86F782442966D001498C0 /* PBXContainerItemProxy */ = {
			isa = PBXContainerItemProxy;
			containerPortal = 0AF86F4C2442966C001498C0 /* Project object */;
			proxyType = 1;
			remoteGlobalIDString = 0AF86F532442966C001498C0;
			remoteInfo = trainerTeam;
		};
/* End PBXContainerItemProxy section */

/* Begin PBXFileReference section */
		011E629A87767B1CDA87EACE /* Pods-trainerTeam.debug.xcconfig */ = {isa = PBXFileReference; includeInIndex = 1; lastKnownFileType = text.xcconfig; name = "Pods-trainerTeam.debug.xcconfig"; path = "Target Support Files/Pods-trainerTeam/Pods-trainerTeam.debug.xcconfig"; sourceTree = "<group>"; };
		0A31E41124DB8775000A24EE /* amplifyconfiguration.json */ = {isa = PBXFileReference; fileEncoding = 4; lastKnownFileType = text.json; name = amplifyconfiguration.json; path = ../Pods/AmplifyTools/amplifyconfiguration.json; sourceTree = "<group>"; };
		0A31E41224DB8779000A24EE /* awsconfiguration.json */ = {isa = PBXFileReference; fileEncoding = 4; lastKnownFileType = text.json; name = awsconfiguration.json; path = ../Pods/AmplifyTools/awsconfiguration.json; sourceTree = "<group>"; };
		0A467D2924441CE400AD5956 /* TabBarController.swift */ = {isa = PBXFileReference; lastKnownFileType = sourcecode.swift; path = TabBarController.swift; sourceTree = "<group>"; };
		0A836E2624809C000034885F /* WorkoutTableIView.swift */ = {isa = PBXFileReference; lastKnownFileType = sourcecode.swift; path = WorkoutTableIView.swift; sourceTree = "<group>"; };
		0A836E2824809C130034885F /* WorkoutTableViewCell.swift */ = {isa = PBXFileReference; lastKnownFileType = sourcecode.swift; path = WorkoutTableViewCell.swift; sourceTree = "<group>"; };
		0ADD725A2454D1B80017D324 /* RunWorkoutViewController.swift */ = {isa = PBXFileReference; lastKnownFileType = sourcecode.swift; path = RunWorkoutViewController.swift; sourceTree = "<group>"; };
		0ADD725C2454D1E20017D324 /* RunWorkoutViewController.storyboard */ = {isa = PBXFileReference; lastKnownFileType = file.storyboard; path = RunWorkoutViewController.storyboard; sourceTree = "<group>"; };
		0ADD725E2454DA940017D324 /* StoryboardBuilder.swift */ = {isa = PBXFileReference; lastKnownFileType = sourcecode.swift; path = StoryboardBuilder.swift; sourceTree = "<group>"; };
		0AF86F542442966C001498C0 /* trainerTeam.app */ = {isa = PBXFileReference; explicitFileType = wrapper.application; includeInIndex = 0; path = trainerTeam.app; sourceTree = BUILT_PRODUCTS_DIR; };
		0AF86F572442966C001498C0 /* AppDelegate.swift */ = {isa = PBXFileReference; lastKnownFileType = sourcecode.swift; path = AppDelegate.swift; sourceTree = "<group>"; };
		0AF86F592442966C001498C0 /* SceneDelegate.swift */ = {isa = PBXFileReference; lastKnownFileType = sourcecode.swift; path = SceneDelegate.swift; sourceTree = "<group>"; };
		0AF86F5B2442966C001498C0 /* HomeViewController.swift */ = {isa = PBXFileReference; lastKnownFileType = sourcecode.swift; path = HomeViewController.swift; sourceTree = "<group>"; };
		0AF86F5D2442966C001498C0 /* CreateWorkoutViewController.swift */ = {isa = PBXFileReference; lastKnownFileType = sourcecode.swift; path = CreateWorkoutViewController.swift; sourceTree = "<group>"; };
		0AF86F602442966C001498C0 /* Base */ = {isa = PBXFileReference; lastKnownFileType = file.storyboard; name = Base; path = Base.lproj/Main.storyboard; sourceTree = "<group>"; };
		0AF86F622442966D001498C0 /* Assets.xcassets */ = {isa = PBXFileReference; lastKnownFileType = folder.assetcatalog; path = Assets.xcassets; sourceTree = "<group>"; };
		0AF86F652442966D001498C0 /* Base */ = {isa = PBXFileReference; lastKnownFileType = file.storyboard; name = Base; path = Base.lproj/LaunchScreen.storyboard; sourceTree = "<group>"; };
		0AF86F672442966D001498C0 /* Info.plist */ = {isa = PBXFileReference; lastKnownFileType = text.plist.xml; path = Info.plist; sourceTree = "<group>"; };
		0AF86F6C2442966D001498C0 /* trainerTeamTests.xctest */ = {isa = PBXFileReference; explicitFileType = wrapper.cfbundle; includeInIndex = 0; path = trainerTeamTests.xctest; sourceTree = BUILT_PRODUCTS_DIR; };
		0AF86F702442966D001498C0 /* trainerTeamTests.swift */ = {isa = PBXFileReference; lastKnownFileType = sourcecode.swift; path = trainerTeamTests.swift; sourceTree = "<group>"; };
		0AF86F722442966D001498C0 /* Info.plist */ = {isa = PBXFileReference; lastKnownFileType = text.plist.xml; path = Info.plist; sourceTree = "<group>"; };
		0AF86F772442966D001498C0 /* trainerTeamUITests.xctest */ = {isa = PBXFileReference; explicitFileType = wrapper.cfbundle; includeInIndex = 0; path = trainerTeamUITests.xctest; sourceTree = BUILT_PRODUCTS_DIR; };
		0AF86F7B2442966D001498C0 /* trainerTeamUITests.swift */ = {isa = PBXFileReference; lastKnownFileType = sourcecode.swift; path = trainerTeamUITests.swift; sourceTree = "<group>"; };
		0AF86F7D2442966D001498C0 /* Info.plist */ = {isa = PBXFileReference; lastKnownFileType = text.plist.xml; path = Info.plist; sourceTree = "<group>"; };
		0AF86F8D244299A5001498C0 /* WorkoutSet.swift */ = {isa = PBXFileReference; lastKnownFileType = sourcecode.swift; path = WorkoutSet.swift; sourceTree = "<group>"; };
		0AF86F8F244299B3001498C0 /* Workout.swift */ = {isa = PBXFileReference; lastKnownFileType = sourcecode.swift; path = Workout.swift; sourceTree = "<group>"; };
		0AF86F9324441035001498C0 /* LastWorkoutSummaryCell.swift */ = {isa = PBXFileReference; lastKnownFileType = sourcecode.swift; path = LastWorkoutSummaryCell.swift; sourceTree = "<group>"; };
		0AF86F9524441043001498C0 /* LastWorkoutSummaryCell.xib */ = {isa = PBXFileReference; lastKnownFileType = file.xib; path = LastWorkoutSummaryCell.xib; sourceTree = "<group>"; };
		0AF86F9724441336001498C0 /* GenericTravelCell.swift */ = {isa = PBXFileReference; lastKnownFileType = sourcecode.swift; path = GenericTravelCell.swift; sourceTree = "<group>"; };
		0AF86F9C244413DD001498C0 /* GenericTravelCell.xib */ = {isa = PBXFileReference; lastKnownFileType = file.xib; path = GenericTravelCell.xib; sourceTree = "<group>"; };
		328BF4167E5FFD3330394CBE /* Pods-trainerTeamUITests.release.xcconfig */ = {isa = PBXFileReference; includeInIndex = 1; lastKnownFileType = text.xcconfig; name = "Pods-trainerTeamUITests.release.xcconfig"; path = "Target Support Files/Pods-trainerTeamUITests/Pods-trainerTeamUITests.release.xcconfig"; sourceTree = "<group>"; };
		494A52D8083E7132042569C8 /* Pods-trainerTeamTests.debug.xcconfig */ = {isa = PBXFileReference; includeInIndex = 1; lastKnownFileType = text.xcconfig; name = "Pods-trainerTeamTests.debug.xcconfig"; path = "Target Support Files/Pods-trainerTeamTests/Pods-trainerTeamTests.debug.xcconfig"; sourceTree = "<group>"; };
		9589D0642E32BAE52AA5BD6F /* Pods_trainerTeamUITests.framework */ = {isa = PBXFileReference; explicitFileType = wrapper.framework; includeInIndex = 0; path = Pods_trainerTeamUITests.framework; sourceTree = BUILT_PRODUCTS_DIR; };
		9F846BC2FC2425FB132E9323 /* Pods_trainerTeamTests.framework */ = {isa = PBXFileReference; explicitFileType = wrapper.framework; includeInIndex = 0; path = Pods_trainerTeamTests.framework; sourceTree = BUILT_PRODUCTS_DIR; };
		A498722B49012D95A5A6F14A /* Pods-trainerTeam.release.xcconfig */ = {isa = PBXFileReference; includeInIndex = 1; lastKnownFileType = text.xcconfig; name = "Pods-trainerTeam.release.xcconfig"; path = "Target Support Files/Pods-trainerTeam/Pods-trainerTeam.release.xcconfig"; sourceTree = "<group>"; };
		A49882822C9A3031F226450E /* Pods-trainerTeamUITests.debug.xcconfig */ = {isa = PBXFileReference; includeInIndex = 1; lastKnownFileType = text.xcconfig; name = "Pods-trainerTeamUITests.debug.xcconfig"; path = "Target Support Files/Pods-trainerTeamUITests/Pods-trainerTeamUITests.debug.xcconfig"; sourceTree = "<group>"; };
		D4780053164A828D454624A8 /* Pods_trainerTeam.framework */ = {isa = PBXFileReference; explicitFileType = wrapper.framework; includeInIndex = 0; path = Pods_trainerTeam.framework; sourceTree = BUILT_PRODUCTS_DIR; };
		D64AA074FC60F86334C3AD5A /* Pods-trainerTeamTests.release.xcconfig */ = {isa = PBXFileReference; includeInIndex = 1; lastKnownFileType = text.xcconfig; name = "Pods-trainerTeamTests.release.xcconfig"; path = "Target Support Files/Pods-trainerTeamTests/Pods-trainerTeamTests.release.xcconfig"; sourceTree = "<group>"; };
/* End PBXFileReference section */

/* Begin PBXFrameworksBuildPhase section */
		0AF86F512442966C001498C0 /* Frameworks */ = {
			isa = PBXFrameworksBuildPhase;
			buildActionMask = 2147483647;
			files = (
				021F1539F20144F23F450166 /* Pods_trainerTeam.framework in Frameworks */,
			);
			runOnlyForDeploymentPostprocessing = 0;
		};
		0AF86F692442966D001498C0 /* Frameworks */ = {
			isa = PBXFrameworksBuildPhase;
			buildActionMask = 2147483647;
			files = (
				FED42AC13A371F4BCEFD8B8F /* Pods_trainerTeamTests.framework in Frameworks */,
			);
			runOnlyForDeploymentPostprocessing = 0;
		};
		0AF86F742442966D001498C0 /* Frameworks */ = {
			isa = PBXFrameworksBuildPhase;
			buildActionMask = 2147483647;
			files = (
				730AC932E1FDA2A2E4919EA0 /* Pods_trainerTeamUITests.framework in Frameworks */,
			);
			runOnlyForDeploymentPostprocessing = 0;
		};
/* End PBXFrameworksBuildPhase section */

/* Begin PBXGroup section */
		0A836E2524809BE80034885F /* New Group */ = {
			isa = PBXGroup;
			children = (
				0A836E2624809C000034885F /* WorkoutTableIView.swift */,
				0A836E2824809C130034885F /* WorkoutTableViewCell.swift */,
			);
			path = "New Group";
			sourceTree = "<group>";
		};
		0ADD72592454D09A0017D324 /* WorkoutScreen */ = {
			isa = PBXGroup;
			children = (
				0ADD725A2454D1B80017D324 /* RunWorkoutViewController.swift */,
				0ADD725C2454D1E20017D324 /* RunWorkoutViewController.storyboard */,
			);
			path = WorkoutScreen;
			sourceTree = "<group>";
		};
		0AF86F4B2442966C001498C0 = {
			isa = PBXGroup;
			children = (
				0AF86F562442966C001498C0 /* trainerTeam */,
				0AF86F6F2442966D001498C0 /* trainerTeamTests */,
				0AF86F7A2442966D001498C0 /* trainerTeamUITests */,
				0AF86F552442966C001498C0 /* Products */,
				152243BDC7BBB1BB761A1458 /* Pods */,
				3B451CB665AD353530FEBC8F /* Frameworks */,
			);
			sourceTree = "<group>";
		};
		0AF86F552442966C001498C0 /* Products */ = {
			isa = PBXGroup;
			children = (
				0AF86F542442966C001498C0 /* trainerTeam.app */,
				0AF86F6C2442966D001498C0 /* trainerTeamTests.xctest */,
				0AF86F772442966D001498C0 /* trainerTeamUITests.xctest */,
			);
			name = Products;
			sourceTree = "<group>";
		};
		0AF86F562442966C001498C0 /* trainerTeam */ = {
			isa = PBXGroup;
			children = (
				0ADD72592454D09A0017D324 /* WorkoutScreen */,
				0AF86F9B24441364001498C0 /* ReusableItems */,
				0AF86F912443CEF5001498C0 /* HomeScreen */,
				0AF86F8C24429897001498C0 /* Views */,
				0AF86F8B24429891001498C0 /* ViewModels */,
				0AF86F892442987E001498C0 /* Models */,
				0AF86F572442966C001498C0 /* AppDelegate.swift */,
				0AF86F592442966C001498C0 /* SceneDelegate.swift */,
				0AF86F5D2442966C001498C0 /* CreateWorkoutViewController.swift */,
				0AF86F5F2442966C001498C0 /* Main.storyboard */,
				0AF86F622442966D001498C0 /* Assets.xcassets */,
				0AF86F642442966D001498C0 /* LaunchScreen.storyboard */,
				0AF86F672442966D001498C0 /* Info.plist */,
				0A467D2924441CE400AD5956 /* TabBarController.swift */,
				0A31E41124DB8775000A24EE /* amplifyconfiguration.json */,
				0A31E41224DB8779000A24EE /* awsconfiguration.json */,
			);
			path = trainerTeam;
			sourceTree = "<group>";
		};
		0AF86F6F2442966D001498C0 /* trainerTeamTests */ = {
			isa = PBXGroup;
			children = (
				0AF86F702442966D001498C0 /* trainerTeamTests.swift */,
				0AF86F722442966D001498C0 /* Info.plist */,
			);
			path = trainerTeamTests;
			sourceTree = "<group>";
		};
		0AF86F7A2442966D001498C0 /* trainerTeamUITests */ = {
			isa = PBXGroup;
			children = (
				0AF86F7B2442966D001498C0 /* trainerTeamUITests.swift */,
				0AF86F7D2442966D001498C0 /* Info.plist */,
			);
			path = trainerTeamUITests;
			sourceTree = "<group>";
		};
		0AF86F892442987E001498C0 /* Models */ = {
			isa = PBXGroup;
			children = (
				0AF86F8D244299A5001498C0 /* WorkoutSet.swift */,
				0AF86F8F244299B3001498C0 /* Workout.swift */,
			);
			path = Models;
			sourceTree = "<group>";
		};
		0AF86F8B24429891001498C0 /* ViewModels */ = {
			isa = PBXGroup;
			children = (
			);
			path = ViewModels;
			sourceTree = "<group>";
		};
		0AF86F8C24429897001498C0 /* Views */ = {
			isa = PBXGroup;
			children = (
			);
			path = Views;
			sourceTree = "<group>";
		};
		0AF86F912443CEF5001498C0 /* HomeScreen */ = {
			isa = PBXGroup;
			children = (
				0AF86F5B2442966C001498C0 /* HomeViewController.swift */,
				0AF86F922443CF02001498C0 /* TableViewCells */,
			);
			path = HomeScreen;
			sourceTree = "<group>";
		};
		0AF86F922443CF02001498C0 /* TableViewCells */ = {
			isa = PBXGroup;
			children = (
				0AF86F9324441035001498C0 /* LastWorkoutSummaryCell.swift */,
				0AF86F9524441043001498C0 /* LastWorkoutSummaryCell.xib */,
			);
			path = TableViewCells;
			sourceTree = "<group>";
		};
		0AF86F9B24441364001498C0 /* ReusableItems */ = {
			isa = PBXGroup;
			children = (
				0A836E2524809BE80034885F /* New Group */,
				0AF86F9724441336001498C0 /* GenericTravelCell.swift */,
				0AF86F9C244413DD001498C0 /* GenericTravelCell.xib */,
				0ADD725E2454DA940017D324 /* StoryboardBuilder.swift */,
			);
			path = ReusableItems;
			sourceTree = "<group>";
		};
		152243BDC7BBB1BB761A1458 /* Pods */ = {
			isa = PBXGroup;
			children = (
				011E629A87767B1CDA87EACE /* Pods-trainerTeam.debug.xcconfig */,
				A498722B49012D95A5A6F14A /* Pods-trainerTeam.release.xcconfig */,
				494A52D8083E7132042569C8 /* Pods-trainerTeamTests.debug.xcconfig */,
				D64AA074FC60F86334C3AD5A /* Pods-trainerTeamTests.release.xcconfig */,
				A49882822C9A3031F226450E /* Pods-trainerTeamUITests.debug.xcconfig */,
				328BF4167E5FFD3330394CBE /* Pods-trainerTeamUITests.release.xcconfig */,
			);
			path = Pods;
			sourceTree = "<group>";
		};
		3B451CB665AD353530FEBC8F /* Frameworks */ = {
			isa = PBXGroup;
			children = (
				D4780053164A828D454624A8 /* Pods_trainerTeam.framework */,
				9F846BC2FC2425FB132E9323 /* Pods_trainerTeamTests.framework */,
				9589D0642E32BAE52AA5BD6F /* Pods_trainerTeamUITests.framework */,
			);
			name = Frameworks;
			sourceTree = "<group>";
		};
/* End PBXGroup section */

/* Begin PBXNativeTarget section */
		0AF86F532442966C001498C0 /* trainerTeam */ = {
			isa = PBXNativeTarget;
			buildConfigurationList = 0AF86F802442966D001498C0 /* Build configuration list for PBXNativeTarget "trainerTeam" */;
			buildPhases = (
				ABDCC7E10FEAFA3C25D04706 /* [CP] Check Pods Manifest.lock */,
				0A74CF0624A0065B00AC44A3 /* Run Amplify Tools */,
				0AF86F502442966C001498C0 /* Sources */,
				0AF86F512442966C001498C0 /* Frameworks */,
				0AF86F522442966C001498C0 /* Resources */,
				ED991C5019125662D98431F4 /* [CP] Embed Pods Frameworks */,
			);
			buildRules = (
			);
			dependencies = (
			);
			name = trainerTeam;
			productName = trainerTeam;
			productReference = 0AF86F542442966C001498C0 /* trainerTeam.app */;
			productType = "com.apple.product-type.application";
		};
		0AF86F6B2442966D001498C0 /* trainerTeamTests */ = {
			isa = PBXNativeTarget;
			buildConfigurationList = 0AF86F832442966D001498C0 /* Build configuration list for PBXNativeTarget "trainerTeamTests" */;
			buildPhases = (
				3DC40DDE3047EE6A9F3C5C9C /* [CP] Check Pods Manifest.lock */,
				0AF86F682442966D001498C0 /* Sources */,
				0AF86F692442966D001498C0 /* Frameworks */,
				0AF86F6A2442966D001498C0 /* Resources */,
			);
			buildRules = (
			);
			dependencies = (
				0AF86F6E2442966D001498C0 /* PBXTargetDependency */,
			);
			name = trainerTeamTests;
			productName = trainerTeamTests;
			productReference = 0AF86F6C2442966D001498C0 /* trainerTeamTests.xctest */;
			productType = "com.apple.product-type.bundle.unit-test";
		};
		0AF86F762442966D001498C0 /* trainerTeamUITests */ = {
			isa = PBXNativeTarget;
			buildConfigurationList = 0AF86F862442966D001498C0 /* Build configuration list for PBXNativeTarget "trainerTeamUITests" */;
			buildPhases = (
				57E9F089FCC6FBD64D226B8F /* [CP] Check Pods Manifest.lock */,
				0AF86F732442966D001498C0 /* Sources */,
				0AF86F742442966D001498C0 /* Frameworks */,
				0AF86F752442966D001498C0 /* Resources */,
			);
			buildRules = (
			);
			dependencies = (
				0AF86F792442966D001498C0 /* PBXTargetDependency */,
			);
			name = trainerTeamUITests;
			productName = trainerTeamUITests;
			productReference = 0AF86F772442966D001498C0 /* trainerTeamUITests.xctest */;
			productType = "com.apple.product-type.bundle.ui-testing";
		};
/* End PBXNativeTarget section */

/* Begin PBXProject section */
		0AF86F4C2442966C001498C0 /* Project object */ = {
			isa = PBXProject;
			attributes = {
				LastSwiftUpdateCheck = 1130;
				LastUpgradeCheck = 1130;
				ORGANIZATIONNAME = "Connor Green";
				TargetAttributes = {
					0AF86F532442966C001498C0 = {
						CreatedOnToolsVersion = 11.3.1;
					};
					0AF86F6B2442966D001498C0 = {
						CreatedOnToolsVersion = 11.3.1;
						TestTargetID = 0AF86F532442966C001498C0;
					};
					0AF86F762442966D001498C0 = {
						CreatedOnToolsVersion = 11.3.1;
						TestTargetID = 0AF86F532442966C001498C0;
					};
				};
			};
			buildConfigurationList = 0AF86F4F2442966C001498C0 /* Build configuration list for PBXProject "trainerTeam" */;
			compatibilityVersion = "Xcode 9.3";
			developmentRegion = en;
			hasScannedForEncodings = 0;
			knownRegions = (
				en,
				Base,
			);
			mainGroup = 0AF86F4B2442966C001498C0;
			productRefGroup = 0AF86F552442966C001498C0 /* Products */;
			projectDirPath = "";
			projectRoot = "";
			targets = (
				0AF86F532442966C001498C0 /* trainerTeam */,
				0AF86F6B2442966D001498C0 /* trainerTeamTests */,
				0AF86F762442966D001498C0 /* trainerTeamUITests */,
			);
		};
/* End PBXProject section */

/* Begin PBXResourcesBuildPhase section */
		0AF86F522442966C001498C0 /* Resources */ = {
			isa = PBXResourcesBuildPhase;
			buildActionMask = 2147483647;
			files = (
				0AF86F662442966D001498C0 /* LaunchScreen.storyboard in Resources */,
				0AF86F632442966D001498C0 /* Assets.xcassets in Resources */,
				0AF86F612442966C001498C0 /* Main.storyboard in Resources */,
				0AF86F9D244413DD001498C0 /* GenericTravelCell.xib in Resources */,
				0AF86F9624441043001498C0 /* LastWorkoutSummaryCell.xib in Resources */,
				0ADD725D2454D1E20017D324 /* RunWorkoutViewController.storyboard in Resources */,
			);
			runOnlyForDeploymentPostprocessing = 0;
		};
		0AF86F6A2442966D001498C0 /* Resources */ = {
			isa = PBXResourcesBuildPhase;
			buildActionMask = 2147483647;
			files = (
			);
			runOnlyForDeploymentPostprocessing = 0;
		};
		0AF86F752442966D001498C0 /* Resources */ = {
			isa = PBXResourcesBuildPhase;
			buildActionMask = 2147483647;
			files = (
			);
			runOnlyForDeploymentPostprocessing = 0;
		};
/* End PBXResourcesBuildPhase section */

/* Begin PBXShellScriptBuildPhase section */
		0A74CF0624A0065B00AC44A3 /* Run Amplify Tools */ = {
			isa = PBXShellScriptBuildPhase;
			buildActionMask = 12;
			files = (
			);
			inputFileListPaths = (
			);
			inputPaths = (
			);
			name = "Run Amplify Tools";
			outputFileListPaths = (
			);
			outputPaths = (
			);
			runOnlyForDeploymentPostprocessing = 0;
			shellPath = /bin/sh;
			shellScript = "# Type a script or drag a script file from your workspace to insert its path.\n\"${PODS_ROOT}/AmplifyTools/amplify-tools.sh\"\n";
		};
		3DC40DDE3047EE6A9F3C5C9C /* [CP] Check Pods Manifest.lock */ = {
			isa = PBXShellScriptBuildPhase;
			buildActionMask = 2147483647;
			files = (
			);
			inputFileListPaths = (
			);
			inputPaths = (
				"${PODS_PODFILE_DIR_PATH}/Podfile.lock",
				"${PODS_ROOT}/Manifest.lock",
			);
			name = "[CP] Check Pods Manifest.lock";
			outputFileListPaths = (
			);
			outputPaths = (
				"$(DERIVED_FILE_DIR)/Pods-trainerTeamTests-checkManifestLockResult.txt",
			);
			runOnlyForDeploymentPostprocessing = 0;
			shellPath = /bin/sh;
			shellScript = "diff \"${PODS_PODFILE_DIR_PATH}/Podfile.lock\" \"${PODS_ROOT}/Manifest.lock\" > /dev/null\nif [ $? != 0 ] ; then\n    # print error to STDERR\n    echo \"error: The sandbox is not in sync with the Podfile.lock. Run 'pod install' or update your CocoaPods installation.\" >&2\n    exit 1\nfi\n# This output is used by Xcode 'outputs' to avoid re-running this script phase.\necho \"SUCCESS\" > \"${SCRIPT_OUTPUT_FILE_0}\"\n";
			showEnvVarsInLog = 0;
		};
		57E9F089FCC6FBD64D226B8F /* [CP] Check Pods Manifest.lock */ = {
			isa = PBXShellScriptBuildPhase;
			buildActionMask = 2147483647;
			files = (
			);
			inputFileListPaths = (
			);
			inputPaths = (
				"${PODS_PODFILE_DIR_PATH}/Podfile.lock",
				"${PODS_ROOT}/Manifest.lock",
			);
			name = "[CP] Check Pods Manifest.lock";
			outputFileListPaths = (
			);
			outputPaths = (
				"$(DERIVED_FILE_DIR)/Pods-trainerTeamUITests-checkManifestLockResult.txt",
			);
			runOnlyForDeploymentPostprocessing = 0;
			shellPath = /bin/sh;
			shellScript = "diff \"${PODS_PODFILE_DIR_PATH}/Podfile.lock\" \"${PODS_ROOT}/Manifest.lock\" > /dev/null\nif [ $? != 0 ] ; then\n    # print error to STDERR\n    echo \"error: The sandbox is not in sync with the Podfile.lock. Run 'pod install' or update your CocoaPods installation.\" >&2\n    exit 1\nfi\n# This output is used by Xcode 'outputs' to avoid re-running this script phase.\necho \"SUCCESS\" > \"${SCRIPT_OUTPUT_FILE_0}\"\n";
			showEnvVarsInLog = 0;
		};
		ABDCC7E10FEAFA3C25D04706 /* [CP] Check Pods Manifest.lock */ = {
			isa = PBXShellScriptBuildPhase;
			buildActionMask = 2147483647;
			files = (
			);
			inputFileListPaths = (
			);
			inputPaths = (
				"${PODS_PODFILE_DIR_PATH}/Podfile.lock",
				"${PODS_ROOT}/Manifest.lock",
			);
			name = "[CP] Check Pods Manifest.lock";
			outputFileListPaths = (
			);
			outputPaths = (
				"$(DERIVED_FILE_DIR)/Pods-trainerTeam-checkManifestLockResult.txt",
			);
			runOnlyForDeploymentPostprocessing = 0;
			shellPath = /bin/sh;
			shellScript = "diff \"${PODS_PODFILE_DIR_PATH}/Podfile.lock\" \"${PODS_ROOT}/Manifest.lock\" > /dev/null\nif [ $? != 0 ] ; then\n    # print error to STDERR\n    echo \"error: The sandbox is not in sync with the Podfile.lock. Run 'pod install' or update your CocoaPods installation.\" >&2\n    exit 1\nfi\n# This output is used by Xcode 'outputs' to avoid re-running this script phase.\necho \"SUCCESS\" > \"${SCRIPT_OUTPUT_FILE_0}\"\n";
			showEnvVarsInLog = 0;
		};
		ED991C5019125662D98431F4 /* [CP] Embed Pods Frameworks */ = {
			isa = PBXShellScriptBuildPhase;
			buildActionMask = 2147483647;
			files = (
			);
			inputFileListPaths = (
				"${PODS_ROOT}/Target Support Files/Pods-trainerTeam/Pods-trainerTeam-frameworks-${CONFIGURATION}-input-files.xcfilelist",
			);
			name = "[CP] Embed Pods Frameworks";
			outputFileListPaths = (
				"${PODS_ROOT}/Target Support Files/Pods-trainerTeam/Pods-trainerTeam-frameworks-${CONFIGURATION}-output-files.xcfilelist",
			);
			runOnlyForDeploymentPostprocessing = 0;
			shellPath = /bin/sh;
			shellScript = "\"${PODS_ROOT}/Target Support Files/Pods-trainerTeam/Pods-trainerTeam-frameworks.sh\"\n";
			showEnvVarsInLog = 0;
		};
/* End PBXShellScriptBuildPhase section */

/* Begin PBXSourcesBuildPhase section */
		0AF86F502442966C001498C0 /* Sources */ = {
			isa = PBXSourcesBuildPhase;
			buildActionMask = 2147483647;
			files = (
				0ADD725F2454DA940017D324 /* StoryboardBuilder.swift in Sources */,
				0A836E2724809C000034885F /* WorkoutTableIView.swift in Sources */,
				0AF86F8E244299A5001498C0 /* WorkoutSet.swift in Sources */,
				0AF86F5E2442966C001498C0 /* CreateWorkoutViewController.swift in Sources */,
				0ADD725B2454D1B80017D324 /* RunWorkoutViewController.swift in Sources */,
				0AF86F5C2442966C001498C0 /* HomeViewController.swift in Sources */,
				0A467D2A24441CE400AD5956 /* TabBarController.swift in Sources */,
				0AF86F9424441035001498C0 /* LastWorkoutSummaryCell.swift in Sources */,
				0A836E2924809C130034885F /* WorkoutTableViewCell.swift in Sources */,
				0AF86F9824441336001498C0 /* GenericTravelCell.swift in Sources */,
				0AF86F582442966C001498C0 /* AppDelegate.swift in Sources */,
				0AF86F5A2442966C001498C0 /* SceneDelegate.swift in Sources */,
				0AF86F90244299B3001498C0 /* Workout.swift in Sources */,
			);
			runOnlyForDeploymentPostprocessing = 0;
		};
		0AF86F682442966D001498C0 /* Sources */ = {
			isa = PBXSourcesBuildPhase;
			buildActionMask = 2147483647;
			files = (
				0AF86F712442966D001498C0 /* trainerTeamTests.swift in Sources */,
			);
			runOnlyForDeploymentPostprocessing = 0;
		};
		0AF86F732442966D001498C0 /* Sources */ = {
			isa = PBXSourcesBuildPhase;
			buildActionMask = 2147483647;
			files = (
				0AF86F7C2442966D001498C0 /* trainerTeamUITests.swift in Sources */,
			);
			runOnlyForDeploymentPostprocessing = 0;
		};
/* End PBXSourcesBuildPhase section */

/* Begin PBXTargetDependency section */
		0AF86F6E2442966D001498C0 /* PBXTargetDependency */ = {
			isa = PBXTargetDependency;
			target = 0AF86F532442966C001498C0 /* trainerTeam */;
			targetProxy = 0AF86F6D2442966D001498C0 /* PBXContainerItemProxy */;
		};
		0AF86F792442966D001498C0 /* PBXTargetDependency */ = {
			isa = PBXTargetDependency;
			target = 0AF86F532442966C001498C0 /* trainerTeam */;
			targetProxy = 0AF86F782442966D001498C0 /* PBXContainerItemProxy */;
		};
/* End PBXTargetDependency section */

/* Begin PBXVariantGroup section */
		0AF86F5F2442966C001498C0 /* Main.storyboard */ = {
			isa = PBXVariantGroup;
			children = (
				0AF86F602442966C001498C0 /* Base */,
			);
			name = Main.storyboard;
			sourceTree = "<group>";
		};
		0AF86F642442966D001498C0 /* LaunchScreen.storyboard */ = {
			isa = PBXVariantGroup;
			children = (
				0AF86F652442966D001498C0 /* Base */,
			);
			name = LaunchScreen.storyboard;
			sourceTree = "<group>";
		};
/* End PBXVariantGroup section */

/* Begin XCBuildConfiguration section */
		0AF86F7E2442966D001498C0 /* Debug */ = {
			isa = XCBuildConfiguration;
			buildSettings = {
				ALWAYS_SEARCH_USER_PATHS = NO;
				CLANG_ANALYZER_NONNULL = YES;
				CLANG_ANALYZER_NUMBER_OBJECT_CONVERSION = YES_AGGRESSIVE;
				CLANG_CXX_LANGUAGE_STANDARD = "gnu++14";
				CLANG_CXX_LIBRARY = "libc++";
				CLANG_ENABLE_MODULES = YES;
				CLANG_ENABLE_OBJC_ARC = YES;
				CLANG_ENABLE_OBJC_WEAK = YES;
				CLANG_WARN_BLOCK_CAPTURE_AUTORELEASING = YES;
				CLANG_WARN_BOOL_CONVERSION = YES;
				CLANG_WARN_COMMA = YES;
				CLANG_WARN_CONSTANT_CONVERSION = YES;
				CLANG_WARN_DEPRECATED_OBJC_IMPLEMENTATIONS = YES;
				CLANG_WARN_DIRECT_OBJC_ISA_USAGE = YES_ERROR;
				CLANG_WARN_DOCUMENTATION_COMMENTS = YES;
				CLANG_WARN_EMPTY_BODY = YES;
				CLANG_WARN_ENUM_CONVERSION = YES;
				CLANG_WARN_INFINITE_RECURSION = YES;
				CLANG_WARN_INT_CONVERSION = YES;
				CLANG_WARN_NON_LITERAL_NULL_CONVERSION = YES;
				CLANG_WARN_OBJC_IMPLICIT_RETAIN_SELF = YES;
				CLANG_WARN_OBJC_LITERAL_CONVERSION = YES;
				CLANG_WARN_OBJC_ROOT_CLASS = YES_ERROR;
				CLANG_WARN_RANGE_LOOP_ANALYSIS = YES;
				CLANG_WARN_STRICT_PROTOTYPES = YES;
				CLANG_WARN_SUSPICIOUS_MOVE = YES;
				CLANG_WARN_UNGUARDED_AVAILABILITY = YES_AGGRESSIVE;
				CLANG_WARN_UNREACHABLE_CODE = YES;
				CLANG_WARN__DUPLICATE_METHOD_MATCH = YES;
				COPY_PHASE_STRIP = NO;
				DEBUG_INFORMATION_FORMAT = dwarf;
				ENABLE_STRICT_OBJC_MSGSEND = YES;
				ENABLE_TESTABILITY = YES;
				GCC_C_LANGUAGE_STANDARD = gnu11;
				GCC_DYNAMIC_NO_PIC = NO;
				GCC_NO_COMMON_BLOCKS = YES;
				GCC_OPTIMIZATION_LEVEL = 0;
				GCC_PREPROCESSOR_DEFINITIONS = (
					"DEBUG=1",
					"$(inherited)",
				);
				GCC_WARN_64_TO_32_BIT_CONVERSION = YES;
				GCC_WARN_ABOUT_RETURN_TYPE = YES_ERROR;
				GCC_WARN_UNDECLARED_SELECTOR = YES;
				GCC_WARN_UNINITIALIZED_AUTOS = YES_AGGRESSIVE;
				GCC_WARN_UNUSED_FUNCTION = YES;
				GCC_WARN_UNUSED_VARIABLE = YES;
				IPHONEOS_DEPLOYMENT_TARGET = 13.2;
				MTL_ENABLE_DEBUG_INFO = INCLUDE_SOURCE;
				MTL_FAST_MATH = YES;
				ONLY_ACTIVE_ARCH = YES;
				SDKROOT = iphoneos;
				SWIFT_ACTIVE_COMPILATION_CONDITIONS = DEBUG;
				SWIFT_OPTIMIZATION_LEVEL = "-Onone";
			};
			name = Debug;
		};
		0AF86F7F2442966D001498C0 /* Release */ = {
			isa = XCBuildConfiguration;
			buildSettings = {
				ALWAYS_SEARCH_USER_PATHS = NO;
				CLANG_ANALYZER_NONNULL = YES;
				CLANG_ANALYZER_NUMBER_OBJECT_CONVERSION = YES_AGGRESSIVE;
				CLANG_CXX_LANGUAGE_STANDARD = "gnu++14";
				CLANG_CXX_LIBRARY = "libc++";
				CLANG_ENABLE_MODULES = YES;
				CLANG_ENABLE_OBJC_ARC = YES;
				CLANG_ENABLE_OBJC_WEAK = YES;
				CLANG_WARN_BLOCK_CAPTURE_AUTORELEASING = YES;
				CLANG_WARN_BOOL_CONVERSION = YES;
				CLANG_WARN_COMMA = YES;
				CLANG_WARN_CONSTANT_CONVERSION = YES;
				CLANG_WARN_DEPRECATED_OBJC_IMPLEMENTATIONS = YES;
				CLANG_WARN_DIRECT_OBJC_ISA_USAGE = YES_ERROR;
				CLANG_WARN_DOCUMENTATION_COMMENTS = YES;
				CLANG_WARN_EMPTY_BODY = YES;
				CLANG_WARN_ENUM_CONVERSION = YES;
				CLANG_WARN_INFINITE_RECURSION = YES;
				CLANG_WARN_INT_CONVERSION = YES;
				CLANG_WARN_NON_LITERAL_NULL_CONVERSION = YES;
				CLANG_WARN_OBJC_IMPLICIT_RETAIN_SELF = YES;
				CLANG_WARN_OBJC_LITERAL_CONVERSION = YES;
				CLANG_WARN_OBJC_ROOT_CLASS = YES_ERROR;
				CLANG_WARN_RANGE_LOOP_ANALYSIS = YES;
				CLANG_WARN_STRICT_PROTOTYPES = YES;
				CLANG_WARN_SUSPICIOUS_MOVE = YES;
				CLANG_WARN_UNGUARDED_AVAILABILITY = YES_AGGRESSIVE;
				CLANG_WARN_UNREACHABLE_CODE = YES;
				CLANG_WARN__DUPLICATE_METHOD_MATCH = YES;
				COPY_PHASE_STRIP = NO;
				DEBUG_INFORMATION_FORMAT = "dwarf-with-dsym";
				ENABLE_NS_ASSERTIONS = NO;
				ENABLE_STRICT_OBJC_MSGSEND = YES;
				GCC_C_LANGUAGE_STANDARD = gnu11;
				GCC_NO_COMMON_BLOCKS = YES;
				GCC_WARN_64_TO_32_BIT_CONVERSION = YES;
				GCC_WARN_ABOUT_RETURN_TYPE = YES_ERROR;
				GCC_WARN_UNDECLARED_SELECTOR = YES;
				GCC_WARN_UNINITIALIZED_AUTOS = YES_AGGRESSIVE;
				GCC_WARN_UNUSED_FUNCTION = YES;
				GCC_WARN_UNUSED_VARIABLE = YES;
				IPHONEOS_DEPLOYMENT_TARGET = 13.2;
				MTL_ENABLE_DEBUG_INFO = NO;
				MTL_FAST_MATH = YES;
				SDKROOT = iphoneos;
				SWIFT_COMPILATION_MODE = wholemodule;
				SWIFT_OPTIMIZATION_LEVEL = "-O";
				VALIDATE_PRODUCT = YES;
			};
			name = Release;
		};
		0AF86F812442966D001498C0 /* Debug */ = {
			isa = XCBuildConfiguration;
			baseConfigurationReference = 011E629A87767B1CDA87EACE /* Pods-trainerTeam.debug.xcconfig */;
			buildSettings = {
				ASSETCATALOG_COMPILER_APPICON_NAME = AppIcon;
				CODE_SIGN_STYLE = Automatic;
				INFOPLIST_FILE = trainerTeam/Info.plist;
				LD_RUNPATH_SEARCH_PATHS = (
					"$(inherited)",
					"@executable_path/Frameworks",
				);
				PRODUCT_BUNDLE_IDENTIFIER = com.connor.trainerTeam;
				PRODUCT_NAME = "$(TARGET_NAME)";
				SWIFT_VERSION = 5.0;
				TARGETED_DEVICE_FAMILY = "1,2";
			};
			name = Debug;
		};
		0AF86F822442966D001498C0 /* Release */ = {
			isa = XCBuildConfiguration;
			baseConfigurationReference = A498722B49012D95A5A6F14A /* Pods-trainerTeam.release.xcconfig */;
			buildSettings = {
				ASSETCATALOG_COMPILER_APPICON_NAME = AppIcon;
				CODE_SIGN_STYLE = Automatic;
				INFOPLIST_FILE = trainerTeam/Info.plist;
				LD_RUNPATH_SEARCH_PATHS = (
					"$(inherited)",
					"@executable_path/Frameworks",
				);
				PRODUCT_BUNDLE_IDENTIFIER = com.connor.trainerTeam;
				PRODUCT_NAME = "$(TARGET_NAME)";
				SWIFT_VERSION = 5.0;
				TARGETED_DEVICE_FAMILY = "1,2";
			};
			name = Release;
		};
		0AF86F842442966D001498C0 /* Debug */ = {
			isa = XCBuildConfiguration;
			baseConfigurationReference = 494A52D8083E7132042569C8 /* Pods-trainerTeamTests.debug.xcconfig */;
			buildSettings = {
				ALWAYS_EMBED_SWIFT_STANDARD_LIBRARIES = YES;
				BUNDLE_LOADER = "$(TEST_HOST)";
				CODE_SIGN_STYLE = Automatic;
				INFOPLIST_FILE = trainerTeamTests/Info.plist;
				IPHONEOS_DEPLOYMENT_TARGET = 13.2;
				LD_RUNPATH_SEARCH_PATHS = (
					"$(inherited)",
					"@executable_path/Frameworks",
					"@loader_path/Frameworks",
				);
				PRODUCT_BUNDLE_IDENTIFIER = com.connor.trainerTeamTests;
				PRODUCT_NAME = "$(TARGET_NAME)";
				SWIFT_VERSION = 5.0;
				TARGETED_DEVICE_FAMILY = "1,2";
				TEST_HOST = "$(BUILT_PRODUCTS_DIR)/trainerTeam.app/trainerTeam";
			};
			name = Debug;
		};
		0AF86F852442966D001498C0 /* Release */ = {
			isa = XCBuildConfiguration;
			baseConfigurationReference = D64AA074FC60F86334C3AD5A /* Pods-trainerTeamTests.release.xcconfig */;
			buildSettings = {
				ALWAYS_EMBED_SWIFT_STANDARD_LIBRARIES = YES;
				BUNDLE_LOADER = "$(TEST_HOST)";
				CODE_SIGN_STYLE = Automatic;
				INFOPLIST_FILE = trainerTeamTests/Info.plist;
				IPHONEOS_DEPLOYMENT_TARGET = 13.2;
				LD_RUNPATH_SEARCH_PATHS = (
					"$(inherited)",
					"@executable_path/Frameworks",
					"@loader_path/Frameworks",
				);
				PRODUCT_BUNDLE_IDENTIFIER = com.connor.trainerTeamTests;
				PRODUCT_NAME = "$(TARGET_NAME)";
				SWIFT_VERSION = 5.0;
				TARGETED_DEVICE_FAMILY = "1,2";
				TEST_HOST = "$(BUILT_PRODUCTS_DIR)/trainerTeam.app/trainerTeam";
			};
			name = Release;
		};
		0AF86F872442966D001498C0 /* Debug */ = {
			isa = XCBuildConfiguration;
			baseConfigurationReference = A49882822C9A3031F226450E /* Pods-trainerTeamUITests.debug.xcconfig */;
			buildSettings = {
				ALWAYS_EMBED_SWIFT_STANDARD_LIBRARIES = YES;
				CODE_SIGN_STYLE = Automatic;
				INFOPLIST_FILE = trainerTeamUITests/Info.plist;
				LD_RUNPATH_SEARCH_PATHS = (
					"$(inherited)",
					"@executable_path/Frameworks",
					"@loader_path/Frameworks",
				);
				PRODUCT_BUNDLE_IDENTIFIER = com.connor.trainerTeamUITests;
				PRODUCT_NAME = "$(TARGET_NAME)";
				SWIFT_VERSION = 5.0;
				TARGETED_DEVICE_FAMILY = "1,2";
				TEST_TARGET_NAME = trainerTeam;
			};
			name = Debug;
		};
		0AF86F882442966D001498C0 /* Release */ = {
			isa = XCBuildConfiguration;
			baseConfigurationReference = 328BF4167E5FFD3330394CBE /* Pods-trainerTeamUITests.release.xcconfig */;
			buildSettings = {
				ALWAYS_EMBED_SWIFT_STANDARD_LIBRARIES = YES;
				CODE_SIGN_STYLE = Automatic;
				INFOPLIST_FILE = trainerTeamUITests/Info.plist;
				LD_RUNPATH_SEARCH_PATHS = (
					"$(inherited)",
					"@executable_path/Frameworks",
					"@loader_path/Frameworks",
				);
				PRODUCT_BUNDLE_IDENTIFIER = com.connor.trainerTeamUITests;
				PRODUCT_NAME = "$(TARGET_NAME)";
				SWIFT_VERSION = 5.0;
				TARGETED_DEVICE_FAMILY = "1,2";
				TEST_TARGET_NAME = trainerTeam;
			};
			name = Release;
		};
/* End XCBuildConfiguration section */

/* Begin XCConfigurationList section */
		0AF86F4F2442966C001498C0 /* Build configuration list for PBXProject "trainerTeam" */ = {
			isa = XCConfigurationList;
			buildConfigurations = (
				0AF86F7E2442966D001498C0 /* Debug */,
				0AF86F7F2442966D001498C0 /* Release */,
			);
			defaultConfigurationIsVisible = 0;
			defaultConfigurationName = Release;
		};
		0AF86F802442966D001498C0 /* Build configuration list for PBXNativeTarget "trainerTeam" */ = {
			isa = XCConfigurationList;
			buildConfigurations = (
				0AF86F812442966D001498C0 /* Debug */,
				0AF86F822442966D001498C0 /* Release */,
			);
			defaultConfigurationIsVisible = 0;
			defaultConfigurationName = Release;
		};
		0AF86F832442966D001498C0 /* Build configuration list for PBXNativeTarget "trainerTeamTests" */ = {
			isa = XCConfigurationList;
			buildConfigurations = (
				0AF86F842442966D001498C0 /* Debug */,
				0AF86F852442966D001498C0 /* Release */,
			);
			defaultConfigurationIsVisible = 0;
			defaultConfigurationName = Release;
		};
		0AF86F862442966D001498C0 /* Build configuration list for PBXNativeTarget "trainerTeamUITests" */ = {
			isa = XCConfigurationList;
			buildConfigurations = (
				0AF86F872442966D001498C0 /* Debug */,
				0AF86F882442966D001498C0 /* Release */,
			);
			defaultConfigurationIsVisible = 0;
			defaultConfigurationName = Release;
		};
/* End XCConfigurationList section */
	};
	rootObject = 0AF86F4C2442966C001498C0 /* Project object */;
}
